
Microsoft Visual Studio Solution File, Format Version 12.00
# Visual Studio Version 17
VisualStudioVersion = 17.8.34330.188
MinimumVisualStudioVersion = 10.0.40219.1
Project("{FAE04EC0-301F-11D3-BF4B-00C04F79EFBC}") = "bbit_1_uzd", "bbit_1_uzd\bbit_1_uzd.csproj", "{4E40574B-CEC2-4868-A646-6EA2831D5E33}"
EndProject
Global
	GlobalSection(SolutionConfigurationPlatforms) = preSolution
		Debug|Any CPU = Debug|Any CPU
		Release|Any CPU = Release|Any CPU
	EndGlobalSection
	GlobalSection(ProjectConfigurationPlatforms) = postSolution
		{4E40574B-CEC2-4868-A646-6EA2831D5E33}.Debug|Any CPU.ActiveCfg = Debug|Any CPU
		{4E40574B-CEC2-4868-A646-6EA2831D5E33}.Debug|Any CPU.Build.0 = Debug|Any CPU
		{4E40574B-CEC2-4868-A646-6EA2831D5E33}.Release|Any CPU.ActiveCfg = Release|Any CPU
		{4E40574B-CEC2-4868-A646-6EA2831D5E33}.Release|Any CPU.Build.0 = Release|Any CPU
	EndGlobalSection
	GlobalSection(SolutionProperties) = preSolution
		HideSolutionNode = FALSE
	EndGlobalSection
	GlobalSection(ExtensibilityGlobals) = postSolution
		SolutionGuid = {5F8163AE-E4F0-4ADC-B556-2AAC112D2331}
	EndGlobalSection
EndGlobal
